Microsoft Visual Studio Solution File, Format Version 12.00
# Visual Studio Version 17
VisualStudioVersion = 17.5.2.0
MinimumVisualStudioVersion = 10.0.40219.1
Project("{FAE04EC0-301F-11D3-BF4B-00C04F79EFBC}") = "BloggingApplicationAPI", "BloggingApplicationAPI.csproj", "{24DFA611-0C59-023D-E491-29835B460614}"
EndProject
Global
	GlobalSection(SolutionConfigurationPlatforms) = preSolution
		Debug|Any CPU = Debug|Any CPU
		Release|Any CPU = Release|Any CPU
	EndGlobalSection
	GlobalSection(ProjectConfigurationPlatforms) = postSolution
		{24DFA611-0C59-023D-E491-29835B460614}.Debug|Any CPU.ActiveCfg = Debug|Any CPU
		{24DFA611-0C59-023D-E491-29835B460614}.Debug|Any CPU.Build.0 = Debug|Any CPU
		{24DFA611-0C59-023D-E491-29835B460614}.Release|Any CPU.ActiveCfg = Release|Any CPU
		{24DFA611-0C59-023D-E491-29835B460614}.Release|Any CPU.Build.0 = Release|Any CPU
	EndGlobalSection
	GlobalSection(SolutionProperties) = preSolution
		HideSolutionNode = FALSE
	EndGlobalSection
	GlobalSection(ExtensibilityGlobals) = postSolution
		SolutionGuid = {43CEFC86-4CE3-4C3C-AAAA-59414C4C3920}
	EndGlobalSection
EndGlobal
